
Microsoft Visual Studio Solution File, Format Version 12.00
# Visual Studio Version 17
VisualStudioVersion = 17.8.34525.116
MinimumVisualStudioVersion = 10.0.40219.1
Project("{FAE04EC0-301F-11D3-BF4B-00C04F79EFBC}") = "GourmeyGalleryApp", "GourmeyGalleryApp\GourmeyGalleryApp.csproj", "{32562CF9-01B3-4122-ACD1-D27850E64C90}"
EndProject
Global
	GlobalSection(SolutionConfigurationPlatforms) = preSolution
		Debug|Any CPU = Debug|Any CPU
		Release|Any CPU = Release|Any CPU
	EndGlobalSection
	GlobalSection(ProjectConfigurationPlatforms) = postSolution
		{32562CF9-01B3-4122-ACD1-D27850E64C90}.Debug|Any CPU.ActiveCfg = Debug|Any CPU
		{32562CF9-01B3-4122-ACD1-D27850E64C90}.Debug|Any CPU.Build.0 = Debug|Any CPU
		{32562CF9-01B3-4122-ACD1-D27850E64C90}.Release|Any CPU.ActiveCfg = Release|Any CPU
		{32562CF9-01B3-4122-ACD1-D27850E64C90}.Release|Any CPU.Build.0 = Release|Any CPU
	EndGlobalSection
	GlobalSection(SolutionProperties) = preSolution
		HideSolutionNode = FALSE
	EndGlobalSection
	GlobalSection(ExtensibilityGlobals) = postSolution
		SolutionGuid = {64F627E8-3536-42A7-A3B9-2DF778C811E2}
	EndGlobalSection
EndGlobal
