{
  "name": "GourmetGalleryUI",
  "lockfileVersion": 3,
  "requires": true,
  "packages": {
    "": {
      "dependencies": {
        "angular-crumbs": "^3.0.1",
        "bootstrap": "^5.3.3"
      }
    },
    "node_modules/@angular/common": {
      "version": "6.1.10",
      "resolved": "https://registry.npmjs.org/@angular/common/-/common-6.1.10.tgz",
      "integrity": "sha512-73xxTSYJNKfiJ7C1Ajg+sz5l8y+blb/vNgHYg7O3yem5zLBnfPpidJ1UGg4W4d2Y+jwUVJbZKh8SKJarqAJVUQ==",
      "license": "MIT",
      "peer": true,
      "dependencies": {
        "tslib": "^1.9.0"
      },
      "peerDependencies": {
        "@angular/core": "6.1.10",
        "rxjs": "^6.0.0"
      }
    },
    "node_modules/@angular/core": {
      "version": "6.1.10",
      "resolved": "https://registry.npmjs.org/@angular/core/-/core-6.1.10.tgz",
      "integrity": "sha512-61l3rIQTVdT45eOf6/fBJIeVmV10mcrxqS4N/1OWkuDT29YSJTZSxGcv8QjAyyutuhcqWWpO6gVRkN07rWmkPg==",
      "license": "MIT",
      "peer": true,
      "dependencies": {
        "tslib": "^1.9.0"
      },
      "peerDependencies": {
        "rxjs": "^6.0.0",
        "zone.js": "~0.8.26"
      }
    },
    "node_modules/@angular/platform-browser": {
      "version": "6.1.10",
      "resolved": "https://registry.npmjs.org/@angular/platform-browser/-/platform-browser-6.1.10.tgz",
      "integrity": "sha512-CB7pqMwtgb7KjdHDAJlsXcs0rrU+2xQVaoOaqEfJtUrKhtGMLaZh8Qoic5l92SoGattkOw7SYarAOsWlAsVfvw==",
      "license": "MIT",
      "peer": true,
      "dependencies": {
        "tslib": "^1.9.0"
      },
      "peerDependencies": {
        "@angular/common": "6.1.10",
        "@angular/core": "6.1.10"
      }
    },
    "node_modules/@angular/router": {
      "version": "6.1.10",
      "resolved": "https://registry.npmjs.org/@angular/router/-/router-6.1.10.tgz",
      "integrity": "sha512-tekI3dkdvd65oMoxjjgRA+16uDgPUBWHhYxids6pgO8vobZNtCo8VaVlcDyLUhdmtS5kONELx0iL5E2M0Y2Bag==",
      "license": "MIT",
      "peer": true,
      "dependencies": {
        "tslib": "^1.9.0"
      },
      "peerDependencies": {
        "@angular/common": "6.1.10",
        "@angular/core": "6.1.10",
        "@angular/platform-browser": "6.1.10",
        "rxjs": "^6.0.0"
      }
    },
    "node_modules/@popperjs/core": {
      "version": "2.11.8",
      "resolved": "https://registry.npmjs.org/@popperjs/core/-/core-2.11.8.tgz",
      "integrity": "sha512-P1st0aksCrn9sGZhp8GMYwBnQsbvAWsZAX44oXNNvLHGqAOcoVxmjZiohstwQ7SqKnbR47akdNi+uleWD8+g6A==",
      "license": "MIT",
      "peer": true,
      "funding": {
        "type": "opencollective",
        "url": "https://opencollective.com/popperjs"
      }
    },
    "node_modules/angular-crumbs": {
      "version": "3.0.1",
      "resolved": "https://registry.npmjs.org/angular-crumbs/-/angular-crumbs-3.0.1.tgz",
      "integrity": "sha512-ej6HaDJVrGlgZG1dzVg9+bfi8FGgEFOjmq08jdDu5hI6GR5NOpWlXFFXh/jbt4e2Z3poSwKZYJTkyCrEIHDegA==",
      "license": "MIT",
      "peerDependencies": {
        "@angular/common": ">=2.0.0 <7.0.0",
        "@angular/core": ">=2.0.0 <7.0.0",
        "@angular/platform-browser": ">=2.0.0 <7.0.0",
        "@angular/router": ">=2.0.0 <7.0.0",
        "reflect-metadata": "^0.1.8",
        "rxjs": ">=5.0.3",
        "zone.js": "^0.8.12"
      }
    },
    "node_modules/bootstrap": {
      "version": "5.3.3",
      "resolved": "https://registry.npmjs.org/bootstrap/-/bootstrap-5.3.3.tgz",
      "integrity": "sha512-8HLCdWgyoMguSO9o+aH+iuZ+aht+mzW0u3HIMzVu7Srrpv7EBBxTnrFlSCskwdY1+EOFQSm7uMJhNQHkdPcmjg==",
      "funding": [
        {
          "type": "github",
          "url": "https://github.com/sponsors/twbs"
        },
        {
          "type": "opencollective",
          "url": "https://opencollective.com/bootstrap"
        }
      ],
      "license": "MIT",
      "peerDependencies": {
        "@popperjs/core": "^2.11.8"
      }
    },
    "node_modules/reflect-metadata": {
      "version": "0.1.14",
      "resolved": "https://registry.npmjs.org/reflect-metadata/-/reflect-metadata-0.1.14.tgz",
      "integrity": "sha512-ZhYeb6nRaXCfhnndflDK8qI6ZQ/YcWZCISRAWICW9XYqMUwjZM9Z0DveWX/ABN01oxSHwVxKQmxeYZSsm0jh5A==",
      "license": "Apache-2.0",
      "peer": true
    },
    "node_modules/rxjs": {
      "version": "6.6.7",
      "resolved": "https://registry.npmjs.org/rxjs/-/rxjs-6.6.7.tgz",
      "integrity": "sha512-hTdwr+7yYNIT5n4AMYp85KA6yw2Va0FLa3Rguvbpa4W3I5xynaBZo41cM3XM+4Q6fRMj3sBYIR1VAmZMXYJvRQ==",
      "license": "Apache-2.0",
      "peer": true,
      "dependencies": {
        "tslib": "^1.9.0"
      },
      "engines": {
        "npm": ">=2.0.0"
      }
    },
    "node_modules/tslib": {
      "version": "1.14.1",
      "resolved": "https://registry.npmjs.org/tslib/-/tslib-1.14.1.tgz",
      "integrity": "sha512-Xni35NKzjgMrwevysHTCArtLDpPvye8zV/0E4EyYn43P7/7qvQwPh9BGkHewbMulVntbigmcT7rdX3BNo9wRJg==",
      "license": "0BSD",
      "peer": true
    },
    "node_modules/zone.js": {
      "version": "0.8.29",
      "resolved": "https://registry.npmjs.org/zone.js/-/zone.js-0.8.29.tgz",
      "integrity": "sha512-mla2acNCMkWXBD+c+yeUrBUrzOxYMNFdQ6FGfigGGtEVBPJx07BQeJekjt9DmH1FtZek4E9rE1eRR9qQpxACOQ==",
      "license": "MIT",
      "peer": true
    }
  }
}
